filippo.io/edwards25519 v1.2.0 h1:crnVqOiS4jqYleHd9vaKZ+HKtHfllngJIiOpNpoJsjo=
filippo.io/edwards25519 v1.2.0/go.mod h1:xzAOLCNug/yB62zG1bQ8uziwrIqIuxhctzJT18Q77mc=
github.com/go-corelibs/maths v1.2.2 h1:5UxwcTdWg4M8y865Gmk1Nq/ziXUjV7CsM/h5yaao8s4=
github.com/go-corelibs/maths v1.2.2/go.mod h1:E9B6hUc971rpcFG9+gTPV70oG1sO4Fw2ZehNxcM8x+g=
github.com/go-corelibs/values v1.2.2 h1:gbJ8QxF+2gMdmJkkOSt/hMnobxQ4wkHdG+PdaFD7Uos=
github.com/go-corelibs/values v1.2.2/go.mod h1:McRXDAGd7lcE1h4e/RgQgim8yzOGHQUA5fQV4wzvPhk=
github.com/go-corelibs/x-text v0.40.0 h1:n/GD0K0sR8lwN4yZpjTTtjvwnn+zHG2YLngrDmlYm9Q=
github.com/go-corelibs/x-text v0.40.0/go.mod h1:IVkwiGCEQxYrzzo56ai+LlJ/G2UN3LzvZkGAIj0LK58=
github.com/go-sql-driver/mysql v1.10.0 h1:Q+1LV8DkHJvSYAdR83XzuhDaTykuDx0l6fkXxoWCWfw=
github.com/go-sql-driver/mysql v1.10.0/go.mod h1:M+cqaI7+xxXGG9swrdeUIoPG3Y3KCkF0pZej+SK+nWk=
github.com/gohobby/assert v0.0.0-20211104143739-08694b1ea893 h1:wFd4Td0Bky4UbXOtyMu2QpYVjRQ+GHr34Z95ED7NtcI=
github.com/gohobby/assert v0.0.0-20211104143739-08694b1ea893/go.mod h1:3j4Mu+o1MgUrSlyEI5IHzBEzmz5nngurQmAf80ePv6Y=
github.com/gohobby/deepcopy v1.0.2 h1:mLYy/jucqPo0plf5/C3Dto8aGOaeDBjBdT+Bc2kRiQs=
github.com/gohobby/deepcopy v1.0.2/go.mod h1:kabfMSIWbn2w+Kx3L4BF25yqmN8rjHeyY9SCDTylyFQ=
github.com/gopherjs/gopherjs v1.17.2 h1:fQnZVsXk8uxXIStYb0N4bGk7jeyTalG/wsZjQ25dO0g=
github.com/gopherjs/gopherjs v1.17.2/go.mod h1:pRRIvn/QzFLrKfvEz3qUuEhtE/zLCWfreZ6J5gM2i+k=
github.com/jtolds/gls v4.20.0+incompatible h1:xdiiI2gbIgH/gLH7ADydsJ1uDOEzR8yvV7C0MuV77Wo=
github.com/jtolds/gls v4.20.0+incompatible/go.mod h1:QJZ7F/aHp+rZTRtaJ1ow/lLfFfVYBRgL+9YlvaHOwJU=
github.com/lib/pq v1.12.3 h1:tTWxr2YLKwIvK90ZXEw8GP7UFHtcbTtty8zsI+YjrfQ=
github.com/lib/pq v1.12.3/go.mod h1:/p+8NSbOcwzAEI7wiMXFlgydTwcgTr3OSKMsD2BitpA=
github.com/mattn/go-sqlite3 v1.14.49 h1:B8jBHC3xhxZgxztrgruTuLucebnULQnx4W7cF7SAE9w=
github.com/mattn/go-sqlite3 v1.14.49/go.mod h1:6JTjA44L93a0QCyJef5YvlPoKXntQPjzWv5gtm9sB6w=
github.com/smarty/assertions v1.15.0 h1:cR//PqUBUiQRakZWqBiFFQ9wb8emQGDb0HeGdqGByCY=
github.com/smarty/assertions v1.15.0/go.mod h1:yABtdzeQs6l1brC900WlRNwj6ZR55d7B+E8C6HtKdec=
github.com/smartystreets/goconvey v1.8.1 h1:qGjIddxOk4grTu9JPOU31tVfq3cNdBlNa5sSznIX1xY=
github.com/smartystreets/goconvey v1.8.1/go.mod h1:+/u4qLyY6x1jReYOp7GOM2FSt8aP9CzCZL03bI28W60=
github.com/ziutek/mymysql v1.5.4 h1:GB0qdRGsTwQSBVYuVShFBKaXSnSnYYC2d9knnE1LHFs=
github.com/ziutek/mymysql v1.5.4/go.mod h1:LMSpPZ6DbqWFxNCHW77HeMg9I646SAhApZ/wKdgO/C0=
